
Microsoft Visual Studio Solution File, Format Version 12.00
# Visual Studio Version 17
VisualStudioVersion = 17.1.32414.318
MinimumVisualStudioVersion = 10.0.40219.1
Project("{9A19103F-16F7-4668-BE54-9A1E7A4F7556}") = "Mossad_Recruitment.Api", "Mossad_Recruitment.Api\Mossad_Recruitment.Api.csproj", "{49689AF7-33A5-490A-9126-3ED2D8F11D18}"
EndProject
Project("{9A19103F-16F7-4668-BE54-9A1E7A4F7556}") = "Mossad_Recruitment.Common", "Mossad_Recruitment.Common\Mossad_Recruitment.Common.csproj", "{B69DB304-5295-48A2-A43D-03A7C6782F09}"
EndProject
Project("{9A19103F-16F7-4668-BE54-9A1E7A4F7556}") = "Mossad_Recruitment.Front", "Mossad_Recruitment.Front\Mossad_Recruitment.Front.csproj", "{8336B3A8-D753-433E-9BC3-CFACE2EFCD7D}"
EndProject
Global
	GlobalSection(SolutionConfigurationPlatforms) = preSolution
		Debug|Any CPU = Debug|Any CPU
		Release|Any CPU = Release|Any CPU
	EndGlobalSection
	GlobalSection(ProjectConfigurationPlatforms) = postSolution
		{49689AF7-33A5-490A-9126-3ED2D8F11D18}.Debug|Any CPU.ActiveCfg = Debug|Any CPU
		{49689AF7-33A5-490A-9126-3ED2D8F11D18}.Debug|Any CPU.Build.0 = Debug|Any CPU
		{49689AF7-33A5-490A-9126-3ED2D8F11D18}.Release|Any CPU.ActiveCfg = Release|Any CPU
		{49689AF7-33A5-490A-9126-3ED2D8F11D18}.Release|Any CPU.Build.0 = Release|Any CPU
		{B69DB304-5295-48A2-A43D-03A7C6782F09}.Debug|Any CPU.ActiveCfg = Debug|Any CPU
		{B69DB304-5295-48A2-A43D-03A7C6782F09}.Debug|Any CPU.Build.0 = Debug|Any CPU
		{B69DB304-5295-48A2-A43D-03A7C6782F09}.Release|Any CPU.ActiveCfg = Release|Any CPU
		{B69DB304-5295-48A2-A43D-03A7C6782F09}.Release|Any CPU.Build.0 = Release|Any CPU
		{8336B3A8-D753-433E-9BC3-CFACE2EFCD7D}.Debug|Any CPU.ActiveCfg = Debug|Any CPU
		{8336B3A8-D753-433E-9BC3-CFACE2EFCD7D}.Debug|Any CPU.Build.0 = Debug|Any CPU
		{8336B3A8-D753-433E-9BC3-CFACE2EFCD7D}.Release|Any CPU.ActiveCfg = Release|Any CPU
		{8336B3A8-D753-433E-9BC3-CFACE2EFCD7D}.Release|Any CPU.Build.0 = Release|Any CPU
	EndGlobalSection
	GlobalSection(SolutionProperties) = preSolution
		HideSolutionNode = FALSE
	EndGlobalSection
	GlobalSection(ExtensibilityGlobals) = postSolution
		SolutionGuid = {D5FF148C-3C68-4B92-B263-9450FE8B8770}
	EndGlobalSection
EndGlobal
