
Microsoft Visual Studio Solution File, Format Version 12.00
# Visual Studio Version 17
VisualStudioVersion = 17.0.31903.59
MinimumVisualStudioVersion = 10.0.40219.1
Project("{FAE04EC0-301F-11D3-BF4B-00C04F79EFBC}") = "Radancy.Api", "Radancy.Api\Radancy.Api.csproj", "{7387D909-8531-466C-AB1B-14C431D0D713}"
EndProject
Project("{2150E333-8FDC-42A3-9474-1A3956D46DE8}") = "Solution Items", "Solution Items", "{7C82AE5D-7526-451A-B859-D522F9D2E97C}"
	ProjectSection(SolutionItems) = preProject
		docker-compose.yml = docker-compose.yml
	EndProjectSection
EndProject
Project("{FAE04EC0-301F-11D3-BF4B-00C04F79EFBC}") = "Radancy.Api.Tests", "Radancy.Api.Tests\Radancy.Api.Tests.csproj", "{7E732F20-22D6-4D5F-A268-275CCFCE3F6E}"
EndProject
Global
	GlobalSection(SolutionConfigurationPlatforms) = preSolution
		Debug|Any CPU = Debug|Any CPU
		Release|Any CPU = Release|Any CPU
	EndGlobalSection
	GlobalSection(SolutionProperties) = preSolution
		HideSolutionNode = FALSE
	EndGlobalSection
	GlobalSection(ProjectConfigurationPlatforms) = postSolution
		{7387D909-8531-466C-AB1B-14C431D0D713}.Debug|Any CPU.ActiveCfg = Debug|Any CPU
		{7387D909-8531-466C-AB1B-14C431D0D713}.Debug|Any CPU.Build.0 = Debug|Any CPU
		{7387D909-8531-466C-AB1B-14C431D0D713}.Release|Any CPU.ActiveCfg = Release|Any CPU
		{7387D909-8531-466C-AB1B-14C431D0D713}.Release|Any CPU.Build.0 = Release|Any CPU
		{7E732F20-22D6-4D5F-A268-275CCFCE3F6E}.Debug|Any CPU.ActiveCfg = Debug|Any CPU
		{7E732F20-22D6-4D5F-A268-275CCFCE3F6E}.Debug|Any CPU.Build.0 = Debug|Any CPU
		{7E732F20-22D6-4D5F-A268-275CCFCE3F6E}.Release|Any CPU.ActiveCfg = Release|Any CPU
		{7E732F20-22D6-4D5F-A268-275CCFCE3F6E}.Release|Any CPU.Build.0 = Release|Any CPU
	EndGlobalSection
EndGlobal
